
Microsoft Visual Studio Solution File, Format Version 11.00
# Visual Studio 2010
Project("{FAE04EC0-301F-11D3-BF4B-00C04F79EFBC}") = "Assembly-CSharp", "Assembly-CSharp.csproj", "{62C40C7D-2772-F9ED-EA1B-682700D845F2}"
EndProject
Project("{FAE04EC0-301F-11D3-BF4B-00C04F79EFBC}") = "Assembly-CSharp-Editor", "Assembly-CSharp-Editor.csproj", "{762072D7-A82C-67E1-06B7-B90BEEEB7465}"
EndProject
Global
	GlobalSection(SolutionConfigurationPlatforms) = preSolution
		Debug|Any CPU = Debug|Any CPU
		Release|Any CPU = Release|Any CPU
	EndGlobalSection
	GlobalSection(ProjectConfigurationPlatforms) = postSolution
		{62C40C7D-2772-F9ED-EA1B-682700D845F2}.Debug|Any CPU.ActiveCfg = Debug|Any CPU
		{62C40C7D-2772-F9ED-EA1B-682700D845F2}.Debug|Any CPU.Build.0 = Debug|Any CPU
		{62C40C7D-2772-F9ED-EA1B-682700D845F2}.Release|Any CPU.ActiveCfg = Release|Any CPU
		{62C40C7D-2772-F9ED-EA1B-682700D845F2}.Release|Any CPU.Build.0 = Release|Any CPU
		{762072D7-A82C-67E1-06B7-B90BEEEB7465}.Debug|Any CPU.ActiveCfg = Debug|Any CPU
		{762072D7-A82C-67E1-06B7-B90BEEEB7465}.Debug|Any CPU.Build.0 = Debug|Any CPU
		{762072D7-A82C-67E1-06B7-B90BEEEB7465}.Release|Any CPU.ActiveCfg = Release|Any CPU
		{762072D7-A82C-67E1-06B7-B90BEEEB7465}.Release|Any CPU.Build.0 = Release|Any CPU
	EndGlobalSection
	GlobalSection(SolutionProperties) = preSolution
		HideSolutionNode = FALSE
	EndGlobalSection
	GlobalSection(MonoDevelopProperties) = preSolution
		StartupItem = Assembly-CSharp.csproj
	EndGlobalSection
EndGlobal
